// !$*UTF8*$!
{
	archiveVersion = 1;
	classes = {
	};
	objectVersion = 51;
	objects = {

/* Begin PBXBuildFile section */
		C46D8290264DBF24003D292D /* APODImageView.swift in Sources */ = {isa = PBXBuildFile; fileRef = C46D828F264DBF24003D292D /* APODImageView.swift */; };
		C4957650263C6D30005CF92E /* APOD.swift in Sources */ = {isa = PBXBuildFile; fileRef = C495764F263C6D30005CF92E /* APOD.swift */; };
		C49B2BA2263C0CB600040AF5 /* AppDelegate.swift in Sources */ = {isa = PBXBuildFile; fileRef = C49B2BA1263C0CB600040AF5 /* AppDelegate.swift */; };
		C49B2BA4263C0CB600040AF5 /* SceneDelegate.swift in Sources */ = {isa = PBXBuildFile; fileRef = C49B2BA3263C0CB600040AF5 /* SceneDelegate.swift */; };
		C49B2BA6263C0CB600040AF5 /* MainViewController.swift in Sources */ = {isa = PBXBuildFile; fileRef = C49B2BA5263C0CB600040AF5 /* MainViewController.swift */; };
		C49B2BA9263C0CB600040AF5 /* Main.storyboard in Resources */ = {isa = PBXBuildFile; fileRef = C49B2BA7263C0CB600040AF5 /* Main.storyboard */; };
		C49B2BAB263C0CB800040AF5 /* Assets.xcassets in Resources */ = {isa = PBXBuildFile; fileRef = C49B2BAA263C0CB800040AF5 /* Assets.xcassets */; };
		C49B2BAE263C0CB800040AF5 /* LaunchScreen.storyboard in Resources */ = {isa = PBXBuildFile; fileRef = C49B2BAC263C0CB800040AF5 /* LaunchScreen.storyboard */; };
		C49B2BBB263C106800040AF5 /* DataManager.swift in Sources */ = {isa = PBXBuildFile; fileRef = C49B2BBA263C106800040AF5 /* DataManager.swift */; };
		C4B245222641E45400040DDF /* NetworkManager.swift in Sources */ = {isa = PBXBuildFile; fileRef = C4B245212641E45400040DDF /* NetworkManager.swift */; };
		C4E7843B263F1D9800EF0F80 /* SomeRandomAPODTableVC.swift in Sources */ = {isa = PBXBuildFile; fileRef = C4E7843A263F1D9800EF0F80 /* SomeRandomAPODTableVC.swift */; };
		C4E7843E263F1DF000EF0F80 /* SomeRandomAPODCell.swift in Sources */ = {isa = PBXBuildFile; fileRef = C4E7843D263F1DF000EF0F80 /* SomeRandomAPODCell.swift */; };
		C4E78442263F4CE300EF0F80 /* AboutViewController.swift in Sources */ = {isa = PBXBuildFile; fileRef = C4E78441263F4CE300EF0F80 /* AboutViewController.swift */; };
		C4E7844C263F6E6600EF0F80 /* Extension + UIButton.swift in Sources */ = {isa = PBXBuildFile; fileRef = C4E7844B263F6E6600EF0F80 /* Extension + UIButton.swift */; };
		DFE415A7F0167BACB9839337 /* Pods_Project_Nasa.framework in Frameworks */ = {isa = PBXBuildFile; fileRef = C4CA5F98CDCB8F9C4B6022ED /* Pods_Project_Nasa.framework */; };
/* End PBXBuildFile section */

/* Begin PBXFileReference section */
		6FAD4EC31210B33F976C03A0 /* Pods-Project Nasa.debug.xcconfig */ = {isa = PBXFileReference; includeInIndex = 1; lastKnownFileType = text.xcconfig; name = "Pods-Project Nasa.debug.xcconfig"; path = "Target Support Files/Pods-Project Nasa/Pods-Project Nasa.debug.xcconfig"; sourceTree = "<group>"; };
		C46D828F264DBF24003D292D /* APODImageView.swift */ = {isa = PBXFileReference; lastKnownFileType = sourcecode.swift; path = APODImageView.swift; sourceTree = "<group>"; };
		C495764F263C6D30005CF92E /* APOD.swift */ = {isa = PBXFileReference; lastKnownFileType = sourcecode.swift; path = APOD.swift; sourceTree = "<group>"; };
		C49B2B9E263C0CB600040AF5 /* Project Nasa.app */ = {isa = PBXFileReference; explicitFileType = wrapper.application; includeInIndex = 0; path = "Project Nasa.app"; sourceTree = BUILT_PRODUCTS_DIR; };
		C49B2BA1263C0CB600040AF5 /* AppDelegate.swift */ = {isa = PBXFileReference; lastKnownFileType = sourcecode.swift; path = AppDelegate.swift; sourceTree = "<group>"; };
		C49B2BA3263C0CB600040AF5 /* SceneDelegate.swift */ = {isa = PBXFileReference; lastKnownFileType = sourcecode.swift; path = SceneDelegate.swift; sourceTree = "<group>"; };
		C49B2BA5263C0CB600040AF5 /* MainViewController.swift */ = {isa = PBXFileReference; lastKnownFileType = sourcecode.swift; path = MainViewController.swift; sourceTree = "<group>"; };
		C49B2BA8263C0CB600040AF5 /* Base */ = {isa = PBXFileReference; lastKnownFileType = file.storyboard; name = Base; path = Base.lproj/Main.storyboard; sourceTree = "<group>"; };
		C49B2BAA263C0CB800040AF5 /* Assets.xcassets */ = {isa = PBXFileReference; lastKnownFileType = folder.assetcatalog; path = Assets.xcassets; sourceTree = "<group>"; };
		C49B2BAD263C0CB800040AF5 /* Base */ = {isa = PBXFileReference; lastKnownFileType = file.storyboard; name = Base; path = Base.lproj/LaunchScreen.storyboard; sourceTree = "<group>"; };
		C49B2BAF263C0CB800040AF5 /* Info.plist */ = {isa = PBXFileReference; lastKnownFileType = text.plist.xml; path = Info.plist; sourceTree = "<group>"; };
		C49B2BBA263C106800040AF5 /* DataManager.swift */ = {isa = PBXFileReference; lastKnownFileType = sourcecode.swift; path = DataManager.swift; sourceTree = "<group>"; };
		C4B245212641E45400040DDF /* NetworkManager.swift */ = {isa = PBXFileReference; lastKnownFileType = sourcecode.swift; path = NetworkManager.swift; sourceTree = "<group>"; };
		C4CA5F98CDCB8F9C4B6022ED /* Pods_Project_Nasa.framework */ = {isa = PBXFileReference; explicitFileType = wrapper.framework; includeInIndex = 0; path = Pods_Project_Nasa.framework; sourceTree = BUILT_PRODUCTS_DIR; };
		C4E7843A263F1D9800EF0F80 /* SomeRandomAPODTableVC.swift */ = {isa = PBXFileReference; lastKnownFileType = sourcecode.swift; path = SomeRandomAPODTableVC.swift; sourceTree = "<group>"; };
		C4E7843D263F1DF000EF0F80 /* SomeRandomAPODCell.swift */ = {isa = PBXFileReference; lastKnownFileType = sourcecode.swift; path = SomeRandomAPODCell.swift; sourceTree = "<group>"; };
		C4E78441263F4CE300EF0F80 /* AboutViewController.swift */ = {isa = PBXFileReference; lastKnownFileType = sourcecode.swift; path = AboutViewController.swift; sourceTree = "<group>"; };
		C4E7844B263F6E6600EF0F80 /* Extension + UIButton.swift */ = {isa = PBXFileReference; lastKnownFileType = sourcecode.swift; path = "Extension + UIButton.swift"; sourceTree = "<group>"; };
		CC80ECBD76E75FEBF7E2F411 /* Pods-Project Nasa.release.xcconfig */ = {isa = PBXFileReference; includeInIndex = 1; lastKnownFileType = text.xcconfig; name = "Pods-Project Nasa.release.xcconfig"; path = "Target Support Files/Pods-Project Nasa/Pods-Project Nasa.release.xcconfig"; sourceTree = "<group>"; };
/* End PBXFileReference section */

/* Begin PBXFrameworksBuildPhase section */
		C49B2B9B263C0CB600040AF5 /* Frameworks */ = {
			isa = PBXFrameworksBuildPhase;
			buildActionMask = 2147483647;
			files = (
				DFE415A7F0167BACB9839337 /* Pods_Project_Nasa.framework in Frameworks */,
			);
			runOnlyForDeploymentPostprocessing = 0;
		};
/* End PBXFrameworksBuildPhase section */

/* Begin PBXGroup section */
		629AD82F12059BFF9499A02B /* Frameworks */ = {
			isa = PBXGroup;
			children = (
				C4CA5F98CDCB8F9C4B6022ED /* Pods_Project_Nasa.framework */,
			);
			name = Frameworks;
			sourceTree = "<group>";
		};
		97E3118D28AF8E351A50519F /* Pods */ = {
			isa = PBXGroup;
			children = (
				6FAD4EC31210B33F976C03A0 /* Pods-Project Nasa.debug.xcconfig */,
				CC80ECBD76E75FEBF7E2F411 /* Pods-Project Nasa.release.xcconfig */,
			);
			path = Pods;
			sourceTree = "<group>";
		};
		C46D828C264DBE10003D292D /* Views */ = {
			isa = PBXGroup;
			children = (
				C4E7843D263F1DF000EF0F80 /* SomeRandomAPODCell.swift */,
				C46D828F264DBF24003D292D /* APODImageView.swift */,
			);
			path = Views;
			sourceTree = "<group>";
		};
		C49B2B95263C0CB600040AF5 = {
			isa = PBXGroup;
			children = (
				C49B2BA0263C0CB600040AF5 /* Project Nasa */,
				C49B2B9F263C0CB600040AF5 /* Products */,
				97E3118D28AF8E351A50519F /* Pods */,
				629AD82F12059BFF9499A02B /* Frameworks */,
			);
			sourceTree = "<group>";
		};
		C49B2B9F263C0CB600040AF5 /* Products */ = {
			isa = PBXGroup;
			children = (
				C49B2B9E263C0CB600040AF5 /* Project Nasa.app */,
			);
			name = Products;
			sourceTree = "<group>";
		};
		C49B2BA0263C0CB600040AF5 /* Project Nasa */ = {
			isa = PBXGroup;
			children = (
				C46D828C264DBE10003D292D /* Views */,
				C4B245252641F13200040DDF /* ViewControllers */,
				C4B245282641F18B00040DDF /* Models */,
				C4B245262641F15C00040DDF /* SupportingFiles */,
				C4B2452A2641F1C300040DDF /* Services */,
				C4B2452C2641F1DD00040DDF /* Storyboards */,
				C4B2452F2641F24E00040DDF /* Extensions */,
				C4B2452D2641F1F500040DDF /* Source */,
			);
			path = "Project Nasa";
			sourceTree = "<group>";
		};
		C4B245252641F13200040DDF /* ViewControllers */ = {
			isa = PBXGroup;
			children = (
				C4E78441263F4CE300EF0F80 /* AboutViewController.swift */,
				C49B2BA5263C0CB600040AF5 /* MainViewController.swift */,
				C4E7843A263F1D9800EF0F80 /* SomeRandomAPODTableVC.swift */,
			);
			path = ViewControllers;
			sourceTree = "<group>";
		};
		C4B245262641F15C00040DDF /* SupportingFiles */ = {
			isa = PBXGroup;
			children = (
				C49B2BA1263C0CB600040AF5 /* AppDelegate.swift */,
				C49B2BA3263C0CB600040AF5 /* SceneDelegate.swift */,
				C49B2BAF263C0CB800040AF5 /* Info.plist */,
			);
			path = SupportingFiles;
			sourceTree = "<group>";
		};
		C4B245282641F18B00040DDF /* Models */ = {
			isa = PBXGroup;
			children = (
				C495764F263C6D30005CF92E /* APOD.swift */,
			);
			path = Models;
			sourceTree = "<group>";
		};
		C4B2452A2641F1C300040DDF /* Services */ = {
			isa = PBXGroup;
			children = (
				C49B2BBA263C106800040AF5 /* DataManager.swift */,
				C4B245212641E45400040DDF /* NetworkManager.swift */,
			);
			path = Services;
			sourceTree = "<group>";
		};
		C4B2452C2641F1DD00040DDF /* Storyboards */ = {
			isa = PBXGroup;
			children = (
				C49B2BA7263C0CB600040AF5 /* Main.storyboard */,
				C49B2BAC263C0CB800040AF5 /* LaunchScreen.storyboard */,
			);
			path = Storyboards;
			sourceTree = "<group>";
		};
		C4B2452D2641F1F500040DDF /* Source */ = {
			isa = PBXGroup;
			children = (
				C49B2BAA263C0CB800040AF5 /* Assets.xcassets */,
			);
			path = Source;
			sourceTree = "<group>";
		};
		C4B2452F2641F24E00040DDF /* Extensions */ = {
			isa = PBXGroup;
			children = (
				C4E7844B263F6E6600EF0F80 /* Extension + UIButton.swift */,
			);
			path = Extensions;
			sourceTree = "<group>";
		};
/* End PBXGroup section */

/* Begin PBXNativeTarget section */
		C49B2B9D263C0CB600040AF5 /* Project Nasa */ = {
			isa = PBXNativeTarget;
			buildConfigurationList = C49B2BB2263C0CB800040AF5 /* Build configuration list for PBXNativeTarget "Project Nasa" */;
			buildPhases = (
				25A4AB46FB566BD502B8408B /* [CP] Check Pods Manifest.lock */,
				C49B2B9A263C0CB600040AF5 /* Sources */,
				C49B2B9B263C0CB600040AF5 /* Frameworks */,
				C49B2B9C263C0CB600040AF5 /* Resources */,
				FAB2E1B256199ACE9EC94133 /* [CP] Embed Pods Frameworks */,
			);
			buildRules = (
			);
			dependencies = (
			);
			name = "Project Nasa";
			productName = "Project Nasa";
			productReference = C49B2B9E263C0CB600040AF5 /* Project Nasa.app */;
			productType = "com.apple.product-type.application";
		};
/* End PBXNativeTarget section */

/* Begin PBXProject section */
		C49B2B96263C0CB600040AF5 /* Project object */ = {
			isa = PBXProject;
			attributes = {
				LastSwiftUpdateCheck = 1240;
				LastUpgradeCheck = 1240;
				TargetAttributes = {
					C49B2B9D263C0CB600040AF5 = {
						CreatedOnToolsVersion = 12.4;
					};
				};
			};
			buildConfigurationList = C49B2B99263C0CB600040AF5 /* Build configuration list for PBXProject "Project Nasa" */;
			compatibilityVersion = "Xcode 9.3";
			developmentRegion = en;
			hasScannedForEncodings = 0;
			knownRegions = (
				en,
				Base,
			);
			mainGroup = C49B2B95263C0CB600040AF5;
			productRefGroup = C49B2B9F263C0CB600040AF5 /* Products */;
			projectDirPath = "";
			projectRoot = "";
			targets = (
				C49B2B9D263C0CB600040AF5 /* Project Nasa */,
			);
		};
/* End PBXProject section */

/* Begin PBXResourcesBuildPhase section */
		C49B2B9C263C0CB600040AF5 /* Resources */ = {
			isa = PBXResourcesBuildPhase;
			buildActionMask = 2147483647;
			files = (
				C49B2BAE263C0CB800040AF5 /* LaunchScreen.storyboard in Resources */,
				C49B2BAB263C0CB800040AF5 /* Assets.xcassets in Resources */,
				C49B2BA9263C0CB600040AF5 /* Main.storyboard in Resources */,
			);
			runOnlyForDeploymentPostprocessing = 0;
		};
/* End PBXResourcesBuildPhase section */

/* Begin PBXShellScriptBuildPhase section */
		25A4AB46FB566BD502B8408B /* [CP] Check Pods Manifest.lock */ = {
			isa = PBXShellScriptBuildPhase;
			buildActionMask = 2147483647;
			files = (
			);
			inputFileListPaths = (
			);
			inputPaths = (
				"${PODS_PODFILE_DIR_PATH}/Podfile.lock",
				"${PODS_ROOT}/Manifest.lock",
			);
			name = "[CP] Check Pods Manifest.lock";
			outputFileListPaths = (
			);
			outputPaths = (
				"$(DERIVED_FILE_DIR)/Pods-Project Nasa-checkManifestLockResult.txt",
			);
			runOnlyForDeploymentPostprocessing = 0;
			shellPath = /bin/sh;
			shellScript = "diff \"${PODS_PODFILE_DIR_PATH}/Podfile.lock\" \"${PODS_ROOT}/Manifest.lock\" > /dev/null\nif [ $? != 0 ] ; then\n    # print error to STDERR\n    echo \"error: The sandbox is not in sync with the Podfile.lock. Run 'pod install' or update your CocoaPods installation.\" >&2\n    exit 1\nfi\n# This output is used by Xcode 'outputs' to avoid re-running this script phase.\necho \"SUCCESS\" > \"${SCRIPT_OUTPUT_FILE_0}\"\n";
			showEnvVarsInLog = 0;
		};
		FAB2E1B256199ACE9EC94133 /* [CP] Embed Pods Frameworks */ = {
			isa = PBXShellScriptBuildPhase;
			buildActionMask = 2147483647;
			files = (
			);
			inputFileListPaths = (
				"${PODS_ROOT}/Target Support Files/Pods-Project Nasa/Pods-Project Nasa-frameworks-${CONFIGURATION}-input-files.xcfilelist",
			);
			name = "[CP] Embed Pods Frameworks";
			outputFileListPaths = (
				"${PODS_ROOT}/Target Support Files/Pods-Project Nasa/Pods-Project Nasa-frameworks-${CONFIGURATION}-output-files.xcfilelist",
			);
			runOnlyForDeploymentPostprocessing = 0;
			shellPath = /bin/sh;
			shellScript = "\"${PODS_ROOT}/Target Support Files/Pods-Project Nasa/Pods-Project Nasa-frameworks.sh\"\n";
			showEnvVarsInLog = 0;
		};
/* End PBXShellScriptBuildPhase section */

/* Begin PBXSourcesBuildPhase section */
		C49B2B9A263C0CB600040AF5 /* Sources */ = {
			isa = PBXSourcesBuildPhase;
			buildActionMask = 2147483647;
			files = (
				C49B2BA6263C0CB600040AF5 /* MainViewController.swift in Sources */,
				C4E7844C263F6E6600EF0F80 /* Extension + UIButton.swift in Sources */,
				C46D8290264DBF24003D292D /* APODImageView.swift in Sources */,
				C4B245222641E45400040DDF /* NetworkManager.swift in Sources */,
				C49B2BBB263C106800040AF5 /* DataManager.swift in Sources */,
				C49B2BA2263C0CB600040AF5 /* AppDelegate.swift in Sources */,
				C4E7843B263F1D9800EF0F80 /* SomeRandomAPODTableVC.swift in Sources */,
				C4E7843E263F1DF000EF0F80 /* SomeRandomAPODCell.swift in Sources */,
				C49B2BA4263C0CB600040AF5 /* SceneDelegate.swift in Sources */,
				C4E78442263F4CE300EF0F80 /* AboutViewController.swift in Sources */,
				C4957650263C6D30005CF92E /* APOD.swift in Sources */,
			);
			runOnlyForDeploymentPostprocessing = 0;
		};
/* End PBXSourcesBuildPhase section */

/* Begin PBXVariantGroup section */
		C49B2BA7263C0CB600040AF5 /* Main.storyboard */ = {
			isa = PBXVariantGroup;
			children = (
				C49B2BA8263C0CB600040AF5 /* Base */,
			);
			name = Main.storyboard;
			sourceTree = "<group>";
		};
		C49B2BAC263C0CB800040AF5 /* LaunchScreen.storyboard */ = {
			isa = PBXVariantGroup;
			children = (
				C49B2BAD263C0CB800040AF5 /* Base */,
			);
			name = LaunchScreen.storyboard;
			sourceTree = "<group>";
		};
/* End PBXVariantGroup section */

/* Begin XCBuildConfiguration section */
		C49B2BB0263C0CB800040AF5 /* Debug */ = {
			isa = XCBuildConfiguration;
			buildSettings = {
				ALWAYS_SEARCH_USER_PATHS = NO;
				CLANG_ANALYZER_NONNULL = YES;
				CLANG_ANALYZER_NUMBER_OBJECT_CONVERSION = YES_AGGRESSIVE;
				CLANG_CXX_LANGUAGE_STANDARD = "gnu++14";
				CLANG_CXX_LIBRARY = "libc++";
				CLANG_ENABLE_MODULES = YES;
				CLANG_ENABLE_OBJC_ARC = YES;
				CLANG_ENABLE_OBJC_WEAK = YES;
				CLANG_WARN_BLOCK_CAPTURE_AUTORELEASING = YES;
				CLANG_WARN_BOOL_CONVERSION = YES;
				CLANG_WARN_COMMA = YES;
				CLANG_WARN_CONSTANT_CONVERSION = YES;
				CLANG_WARN_DEPRECATED_OBJC_IMPLEMENTATIONS = YES;
				CLANG_WARN_DIRECT_OBJC_ISA_USAGE = YES_ERROR;
				CLANG_WARN_DOCUMENTATION_COMMENTS = YES;
				CLANG_WARN_EMPTY_BODY = YES;
				CLANG_WARN_ENUM_CONVERSION = YES;
				CLANG_WARN_INFINITE_RECURSION = YES;
				CLANG_WARN_INT_CONVERSION = YES;
				CLANG_WARN_NON_LITERAL_NULL_CONVERSION = YES;
				CLANG_WARN_OBJC_IMPLICIT_RETAIN_SELF = YES;
				CLANG_WARN_OBJC_LITERAL_CONVERSION = YES;
				CLANG_WARN_OBJC_ROOT_CLASS = YES_ERROR;
				CLANG_WARN_QUOTED_INCLUDE_IN_FRAMEWORK_HEADER = YES;
				CLANG_WARN_RANGE_LOOP_ANALYSIS = YES;
				CLANG_WARN_STRICT_PROTOTYPES = YES;
				CLANG_WARN_SUSPICIOUS_MOVE = YES;
				CLANG_WARN_UNGUARDED_AVAILABILITY = YES_AGGRESSIVE;
				CLANG_WARN_UNREACHABLE_CODE = YES;
				CLANG_WARN__DUPLICATE_METHOD_MATCH = YES;
				COPY_PHASE_STRIP = NO;
				DEBUG_INFORMATION_FORMAT = dwarf;
				ENABLE_STRICT_OBJC_MSGSEND = YES;
				ENABLE_TESTABILITY = YES;
				GCC_C_LANGUAGE_STANDARD = gnu11;
				GCC_DYNAMIC_NO_PIC = NO;
				GCC_NO_COMMON_BLOCKS = YES;
				GCC_OPTIMIZATION_LEVEL = 0;
				GCC_PREPROCESSOR_DEFINITIONS = (
					"DEBUG=1",
					"$(inherited)",
				);
				GCC_WARN_64_TO_32_BIT_CONVERSION = YES;
				GCC_WARN_ABOUT_RETURN_TYPE = YES_ERROR;
				GCC_WARN_UNDECLARED_SELECTOR = YES;
				GCC_WARN_UNINITIALIZED_AUTOS = YES_AGGRESSIVE;
				GCC_WARN_UNUSED_FUNCTION = YES;
				GCC_WARN_UNUSED_VARIABLE = YES;
				IPHONEOS_DEPLOYMENT_TARGET = 14.4;
				MTL_ENABLE_DEBUG_INFO = INCLUDE_SOURCE;
				MTL_FAST_MATH = YES;
				ONLY_ACTIVE_ARCH = YES;
				SDKROOT = iphoneos;
				SWIFT_ACTIVE_COMPILATION_CONDITIONS = DEBUG;
				SWIFT_OPTIMIZATION_LEVEL = "-Onone";
			};
			name = Debug;
		};
		C49B2BB1263C0CB800040AF5 /* Release */ = {
			isa = XCBuildConfiguration;
			buildSettings = {
				ALWAYS_SEARCH_USER_PATHS = NO;
				CLANG_ANALYZER_NONNULL = YES;
				CLANG_ANALYZER_NUMBER_OBJECT_CONVERSION = YES_AGGRESSIVE;
				CLANG_CXX_LANGUAGE_STANDARD = "gnu++14";
				CLANG_CXX_LIBRARY = "libc++";
				CLANG_ENABLE_MODULES = YES;
				CLANG_ENABLE_OBJC_ARC = YES;
				CLANG_ENABLE_OBJC_WEAK = YES;
				CLANG_WARN_BLOCK_CAPTURE_AUTORELEASING = YES;
				CLANG_WARN_BOOL_CONVERSION = YES;
				CLANG_WARN_COMMA = YES;
				CLANG_WARN_CONSTANT_CONVERSION = YES;
				CLANG_WARN_DEPRECATED_OBJC_IMPLEMENTATIONS = YES;
				CLANG_WARN_DIRECT_OBJC_ISA_USAGE = YES_ERROR;
				CLANG_WARN_DOCUMENTATION_COMMENTS = YES;
				CLANG_WARN_EMPTY_BODY = YES;
				CLANG_WARN_ENUM_CONVERSION = YES;
				CLANG_WARN_INFINITE_RECURSION = YES;
				CLANG_WARN_INT_CONVERSION = YES;
				CLANG_WARN_NON_LITERAL_NULL_CONVERSION = YES;
				CLANG_WARN_OBJC_IMPLICIT_RETAIN_SELF = YES;
				CLANG_WARN_OBJC_LITERAL_CONVERSION = YES;
				CLANG_WARN_OBJC_ROOT_CLASS = YES_ERROR;
				CLANG_WARN_QUOTED_INCLUDE_IN_FRAMEWORK_HEADER = YES;
				CLANG_WARN_RANGE_LOOP_ANALYSIS = YES;
				CLANG_WARN_STRICT_PROTOTYPES = YES;
				CLANG_WARN_SUSPICIOUS_MOVE = YES;
				CLANG_WARN_UNGUARDED_AVAILABILITY = YES_AGGRESSIVE;
				CLANG_WARN_UNREACHABLE_CODE = YES;
				CLANG_WARN__DUPLICATE_METHOD_MATCH = YES;
				COPY_PHASE_STRIP = NO;
				DEBUG_INFORMATION_FORMAT = "dwarf-with-dsym";
				ENABLE_NS_ASSERTIONS = NO;
				ENABLE_STRICT_OBJC_MSGSEND = YES;
				GCC_C_LANGUAGE_STANDARD = gnu11;
				GCC_NO_COMMON_BLOCKS = YES;
				GCC_WARN_64_TO_32_BIT_CONVERSION = YES;
				GCC_WARN_ABOUT_RETURN_TYPE = YES_ERROR;
				GCC_WARN_UNDECLARED_SELECTOR = YES;
				GCC_WARN_UNINITIALIZED_AUTOS = YES_AGGRESSIVE;
				GCC_WARN_UNUSED_FUNCTION = YES;
				GCC_WARN_UNUSED_VARIABLE = YES;
				IPHONEOS_DEPLOYMENT_TARGET = 14.4;
				MTL_ENABLE_DEBUG_INFO = NO;
				MTL_FAST_MATH = YES;
				SDKROOT = iphoneos;
				SWIFT_COMPILATION_MODE = wholemodule;
				SWIFT_OPTIMIZATION_LEVEL = "-O";
				VALIDATE_PRODUCT = YES;
			};
			name = Release;
		};
		C49B2BB3263C0CB800040AF5 /* Debug */ = {
			isa = XCBuildConfiguration;
			baseConfigurationReference = 6FAD4EC31210B33F976C03A0 /* Pods-Project Nasa.debug.xcconfig */;
			buildSettings = {
				ASSETCATALOG_COMPILER_APPICON_NAME = AppIcon;
				ASSETCATALOG_COMPILER_GLOBAL_ACCENT_COLOR_NAME = AccentColor;
				CODE_SIGN_IDENTITY = "Apple Development";
				CODE_SIGN_STYLE = Automatic;
				DEVELOPMENT_TEAM = MF2X2E877U;
				INFOPLIST_FILE = "Project Nasa/SupportingFiles/Info.plist";
				LD_RUNPATH_SEARCH_PATHS = (
					"$(inherited)",
					"@executable_path/Frameworks",
				);
				PRODUCT_BUNDLE_IDENTIFIER = "yura-chekaluk-mail.ru.ProjectNasa";
				PRODUCT_NAME = "$(TARGET_NAME)";
				PROVISIONING_PROFILE_SPECIFIER = "";
				SWIFT_VERSION = 5.0;
				TARGETED_DEVICE_FAMILY = 1;
			};
			name = Debug;
		};
		C49B2BB4263C0CB800040AF5 /* Release */ = {
			isa = XCBuildConfiguration;
			baseConfigurationReference = CC80ECBD76E75FEBF7E2F411 /* Pods-Project Nasa.release.xcconfig */;
			buildSettings = {
				ASSETCATALOG_COMPILER_APPICON_NAME = AppIcon;
				ASSETCATALOG_COMPILER_GLOBAL_ACCENT_COLOR_NAME = AccentColor;
				CODE_SIGN_IDENTITY = "Apple Development";
				CODE_SIGN_STYLE = Automatic;
				DEVELOPMENT_TEAM = MF2X2E877U;
				INFOPLIST_FILE = "Project Nasa/SupportingFiles/Info.plist";
				LD_RUNPATH_SEARCH_PATHS = (
					"$(inherited)",
					"@executable_path/Frameworks",
				);
				PRODUCT_BUNDLE_IDENTIFIER = "yura-chekaluk-mail.ru.ProjectNasa";
				PRODUCT_NAME = "$(TARGET_NAME)";
				PROVISIONING_PROFILE_SPECIFIER = "";
				SWIFT_VERSION = 5.0;
				TARGETED_DEVICE_FAMILY = 1;
			};
			name = Release;
		};
/* End XCBuildConfiguration section */

/* Begin XCConfigurationList section */
		C49B2B99263C0CB600040AF5 /* Build configuration list for PBXProject "Project Nasa" */ = {
			isa = XCConfigurationList;
			buildConfigurations = (
				C49B2BB0263C0CB800040AF5 /* Debug */,
				C49B2BB1263C0CB800040AF5 /* Release */,
			);
			defaultConfigurationIsVisible = 0;
			defaultConfigurationName = Release;
		};
		C49B2BB2263C0CB800040AF5 /* Build configuration list for PBXNativeTarget "Project Nasa" */ = {
			isa = XCConfigurationList;
			buildConfigurations = (
				C49B2BB3263C0CB800040AF5 /* Debug */,
				C49B2BB4263C0CB800040AF5 /* Release */,
			);
			defaultConfigurationIsVisible = 0;
			defaultConfigurationName = Release;
		};
/* End XCConfigurationList section */
	};
	rootObject = C49B2B96263C0CB600040AF5 /* Project object */;
}
